<?xml version="1.0" encoding="utf-8"?>
<Project ToolsVersion="4.0" xmlns="http://schemas.microsoft.com/developer/msbuild/2003">
  <ItemGroup>
    <Filter Include="Source Files">
      <UniqueIdentifier>{4FC737F1-C7A5-4376-A066-2A32D752A2FF}</UniqueIdentifier>
      <Extensions>cpp;c;cc;cxx;def;odl;idl;hpj;bat;asm;asmx</Extensions>
    </Filter>
    <Filter Include="Header Files">
      <UniqueIdentifier>{93995380-89BD-4b04-88EB-625FBE52EBFB}</UniqueIdentifier>
      <Extensions>h;hh;hpp;hxx;hm;inl;inc;xsd</Extensions>
    </Filter>
    <Filter Include="Resource Files">
      <UniqueIdentifier>{67DA6AB6-F800-4c08-8B7A-83BB121AAD01}</UniqueIdentifier>
      <Extensions>rc;ico;cur;bmp;dlg;rc2;rct;bin;rgs;gif;jpg;jpeg;jpe;resx;tiff;tif;png;wav;mfcribbon-ms</Extensions>
    </Filter>
    <Filter Include="GraphicsLibrary">
      <UniqueIdentifier>{113aa875-6f6a-4ebb-8158-2a9c4ff19d58}</UniqueIdentifier>
    </Filter>
    <Filter Include="Polygon">
      <UniqueIdentifier>{1861849c-831f-4a55-8755-3f08f6df75f7}</UniqueIdentifier>
    </Filter>
    <Filter Include="GraphicsLibrary\Point">
      <UniqueIdentifier>{63b69871-80f5-4e2d-8ec0-e69ca2fbff7c}</UniqueIdentifier>
    </Filter>
    <Filter Include="GraphicsLibrary\LineCoefficient">
      <UniqueIdentifier>{888d2d0a-9039-481e-a716-37a78ba96861}</UniqueIdentifier>
    </Filter>
    <Filter Include="GraphicsLibrary\Manager">
      <UniqueIdentifier>{4daad2d5-22a1-41ab-a1a0-2824cd3328a8}</UniqueIdentifier>
    </Filter>
    <Filter Include="GraphicsLibrary\Vertex">
      <UniqueIdentifier>{ab2a087e-ebd9-498e-8e1c-c38b316d4841}</UniqueIdentifier>
    </Filter>
    <Filter Include="IMGUI">
      <UniqueIdentifier>{fe33ae83-3847-4cb9-831c-dff77fbae697}</UniqueIdentifier>
    </Filter>
  </ItemGroup>
  <ItemGroup>
    <ClCompile Include="Main.cpp">
      <Filter>Source Files</Filter>
    </ClCompile>
    <ClCompile Include="GraphicsLibrary.cpp">
      <Filter>GraphicsLibrary</Filter>
    </ClCompile>
    <ClCompile Include="Polygon.cpp">
      <Filter>Polygon</Filter>
    </ClCompile>
    <ClCompile Include="glad.c">
      <Filter>Source Files</Filter>
    </ClCompile>
    <ClCompile Include="Vertex.cpp">
      <Filter>GraphicsLibrary\Vertex</Filter>
    </ClCompile>
    <ClCompile Include="Manager.cpp">
      <Filter>GraphicsLibrary\Manager</Filter>
    </ClCompile>
    <ClCompile Include="Point.cpp">
      <Filter>GraphicsLibrary\Point</Filter>
    </ClCompile>
    <ClCompile Include="LineCoefficient.cpp">
      <Filter>GraphicsLibrary\LineCoefficient</Filter>
    </ClCompile>
    <ClCompile Include="imgui\imgui.cpp">
      <Filter>IMGUI</Filter>
    </ClCompile>
    <ClCompile Include="imgui\imgui_demo.cpp">
      <Filter>IMGUI</Filter>
    </ClCompile>
    <ClCompile Include="imgui\imgui_draw.cpp">
      <Filter>IMGUI</Filter>
    </ClCompile>
    <ClCompile Include="imgui\imgui_impl_glut.cpp">
      <Filter>Source Files</Filter>
    </ClCompile>
    <ClCompile Include="global_variable.cpp">
      <Filter>Header Files</Filter>
    </ClCompile>
  </ItemGroup>
  <ItemGroup>
    <ClInclude Include="GraphicsLibrary.h">
      <Filter>GraphicsLibrary</Filter>
    </ClInclude>
    <ClInclude Include="Vertex.h">
      <Filter>GraphicsLibrary\Vertex</Filter>
    </ClInclude>
    <ClInclude Include="Manager.h">
      <Filter>GraphicsLibrary\Manager</Filter>
    </ClInclude>
    <ClInclude Include="LineCoefficient.h">
      <Filter>GraphicsLibrary\LineCoefficient</Filter>
    </ClInclude>
    <ClInclude Include="Polygon.h">
      <Filter>Polygon</Filter>
    </ClInclude>
    <ClInclude Include="Point.h">
      <Filter>GraphicsLibrary\Point</Filter>
    </ClInclude>
    <ClInclude Include="AET.h">
      <Filter>GraphicsLibrary</Filter>
    </ClInclude>
    <ClInclude Include="imgui\imgui.h">
      <Filter>IMGUI</Filter>
    </ClInclude>
    <ClInclude Include="imgui\imconfig.h">
      <Filter>IMGUI</Filter>
    </ClInclude>
    <ClInclude Include="imgui\imgui_internal.h">
      <Filter>IMGUI</Filter>
    </ClInclude>
    <ClInclude Include="imgui\stb_rect_pack.h">
      <Filter>IMGUI</Filter>
    </ClInclude>
    <ClInclude Include="imgui\stb_textedit.h">
      <Filter>IMGUI</Filter>
    </ClInclude>
    <ClInclude Include="imgui\stb_truetype.h">
      <Filter>IMGUI</Filter>
    </ClInclude>
    <ClInclude Include="imgui\imgui_impl_glut.h">
      <Filter>Source Files</Filter>
    </ClInclude>
    <ClInclude Include="global_variable.h">
      <Filter>Header Files</Filter>
    </ClInclude>
  </ItemGroup>
</Project>